// !$*UTF8*$!
{
	archiveVersion = 1;
	classes = {
	};
	objectVersion = 55;
	objects = {

/* Begin PBXBuildFile section */
		A606C869288B036A00D626FC /* TrendingViewController+UICollectionViewDataSource.swift in Sources */ = {isa = PBXBuildFile; fileRef = A606C868288B036A00D626FC /* TrendingViewController+UICollectionViewDataSource.swift */; };
		A606C86B288B038000D626FC /* TrendingViewController+UICollectionViewDelegate.swift in Sources */ = {isa = PBXBuildFile; fileRef = A606C86A288B038000D626FC /* TrendingViewController+UICollectionViewDelegate.swift */; };
		A632F5542889BB88005FFD3B /* TrendingViewController.swift in Sources */ = {isa = PBXBuildFile; fileRef = A632F5532889BB88005FFD3B /* TrendingViewController.swift */; };
		A633F54A2873376A00578A86 /* AppDelegate.swift in Sources */ = {isa = PBXBuildFile; fileRef = A633F5492873376A00578A86 /* AppDelegate.swift */; };
		A633F54C2873376A00578A86 /* SceneDelegate.swift in Sources */ = {isa = PBXBuildFile; fileRef = A633F54B2873376A00578A86 /* SceneDelegate.swift */; };
		A633F54E2873376A00578A86 /* FeaturedViewController.swift in Sources */ = {isa = PBXBuildFile; fileRef = A633F54D2873376A00578A86 /* FeaturedViewController.swift */; };
		A633F5512873376A00578A86 /* Main.storyboard in Resources */ = {isa = PBXBuildFile; fileRef = A633F54F2873376A00578A86 /* Main.storyboard */; };
		A633F5532873376A00578A86 /* Assets.xcassets in Resources */ = {isa = PBXBuildFile; fileRef = A633F5522873376A00578A86 /* Assets.xcassets */; };
		A633F5562873376A00578A86 /* LaunchScreen.storyboard in Resources */ = {isa = PBXBuildFile; fileRef = A633F5542873376A00578A86 /* LaunchScreen.storyboard */; };
		A63DAF46288ADF05008F9B9C /* SearchViewController.swift in Sources */ = {isa = PBXBuildFile; fileRef = A63DAF45288ADF05008F9B9C /* SearchViewController.swift */; };
		A63DAF48288AE092008F9B9C /* SeeAllViewController.swift in Sources */ = {isa = PBXBuildFile; fileRef = A63DAF47288AE092008F9B9C /* SeeAllViewController.swift */; };
		A63DAF4A288AEB7E008F9B9C /* SeeAllTableViewCell.swift in Sources */ = {isa = PBXBuildFile; fileRef = A63DAF49288AEB7E008F9B9C /* SeeAllTableViewCell.swift */; };
		A63DAF4C288AEB93008F9B9C /* SearchCollectionViewCell.swift in Sources */ = {isa = PBXBuildFile; fileRef = A63DAF4B288AEB93008F9B9C /* SearchCollectionViewCell.swift */; };
		A64D3B8E2885A2E000FAE4F6 /* DetailsViewController.swift in Sources */ = {isa = PBXBuildFile; fileRef = A64D3B8D2885A2E000FAE4F6 /* DetailsViewController.swift */; };
		A64D3B902885A5B600FAE4F6 /* FeaturedViewController+UICollectionViewDelegate.swift in Sources */ = {isa = PBXBuildFile; fileRef = A64D3B8F2885A5B600FAE4F6 /* FeaturedViewController+UICollectionViewDelegate.swift */; };
		A68527C9288D80C700E8FFF0 /* TrendingTableViewCell.swift in Sources */ = {isa = PBXBuildFile; fileRef = A68527C8288D80C700E8FFF0 /* TrendingTableViewCell.swift */; };
		A6B717EB28870957009139B7 /* TMDB-Info.plist in Resources */ = {isa = PBXBuildFile; fileRef = A6B717EA28870957009139B7 /* TMDB-Info.plist */; };
		A6B717ED28870B10009139B7 /* Movie+API.swift in Sources */ = {isa = PBXBuildFile; fileRef = A6B717EC28870B10009139B7 /* Movie+API.swift */; };
		A6B717EF28871BF0009139B7 /* MovieResponse.swift in Sources */ = {isa = PBXBuildFile; fileRef = A6B717EE28871BF0009139B7 /* MovieResponse.swift */; };
		A6B717F3288747CF009139B7 /* UpcomingCollectionViewCell.swift in Sources */ = {isa = PBXBuildFile; fileRef = A6B717F2288747CF009139B7 /* UpcomingCollectionViewCell.swift */; };
		A6EFF0B5287D961200B0C21E /* Movie.swift in Sources */ = {isa = PBXBuildFile; fileRef = A6EFF0B4287D961200B0C21E /* Movie.swift */; };
		A6EFF0B9287D9C5000B0C21E /* PopularCollectionViewCell.swift in Sources */ = {isa = PBXBuildFile; fileRef = A6EFF0B8287D9C5000B0C21E /* PopularCollectionViewCell.swift */; };
		A6EFF0BB287D9CE600B0C21E /* NowPlayingCollectionViewCell.swift in Sources */ = {isa = PBXBuildFile; fileRef = A6EFF0BA287D9CE600B0C21E /* NowPlayingCollectionViewCell.swift */; };
		A6EFF0C1287DA55C00B0C21E /* Movie+Upcoming.swift in Sources */ = {isa = PBXBuildFile; fileRef = A6EFF0BC287DA55C00B0C21E /* Movie+Upcoming.swift */; };
		A6EFF0C2287DA55C00B0C21E /* Movie+TrendingThisWeek.swift in Sources */ = {isa = PBXBuildFile; fileRef = A6EFF0BD287DA55C00B0C21E /* Movie+TrendingThisWeek.swift */; };
		A6EFF0C3287DA55C00B0C21E /* Movie+TrendingToday.swift in Sources */ = {isa = PBXBuildFile; fileRef = A6EFF0BE287DA55C00B0C21E /* Movie+TrendingToday.swift */; };
		A6EFF0C4287DA55C00B0C21E /* Movie+Popular.swift in Sources */ = {isa = PBXBuildFile; fileRef = A6EFF0BF287DA55C00B0C21E /* Movie+Popular.swift */; };
		A6EFF0C5287DA55C00B0C21E /* Movie+NowPlaying.swift in Sources */ = {isa = PBXBuildFile; fileRef = A6EFF0C0287DA55C00B0C21E /* Movie+NowPlaying.swift */; };
		A6EFF0C9287DC16200B0C21E /* FeaturedViewController+UICollectionViewDataSource.swift in Sources */ = {isa = PBXBuildFile; fileRef = A6EFF0C8287DC16200B0C21E /* FeaturedViewController+UICollectionViewDataSource.swift */; };
/* End PBXBuildFile section */

/* Begin PBXFileReference section */
		A606C868288B036A00D626FC /* TrendingViewController+UICollectionViewDataSource.swift */ = {isa = PBXFileReference; lastKnownFileType = sourcecode.swift; path = "TrendingViewController+UICollectionViewDataSource.swift"; sourceTree = "<group>"; };
		A606C86A288B038000D626FC /* TrendingViewController+UICollectionViewDelegate.swift */ = {isa = PBXFileReference; lastKnownFileType = sourcecode.swift; path = "TrendingViewController+UICollectionViewDelegate.swift"; sourceTree = "<group>"; };
		A632F5532889BB88005FFD3B /* TrendingViewController.swift */ = {isa = PBXFileReference; lastKnownFileType = sourcecode.swift; path = TrendingViewController.swift; sourceTree = "<group>"; };
		A633F5462873376A00578A86 /* BoxOffice.app */ = {isa = PBXFileReference; explicitFileType = wrapper.application; includeInIndex = 0; path = BoxOffice.app; sourceTree = BUILT_PRODUCTS_DIR; };
		A633F5492873376A00578A86 /* AppDelegate.swift */ = {isa = PBXFileReference; lastKnownFileType = sourcecode.swift; path = AppDelegate.swift; sourceTree = "<group>"; };
		A633F54B2873376A00578A86 /* SceneDelegate.swift */ = {isa = PBXFileReference; lastKnownFileType = sourcecode.swift; path = SceneDelegate.swift; sourceTree = "<group>"; };
		A633F54D2873376A00578A86 /* FeaturedViewController.swift */ = {isa = PBXFileReference; lastKnownFileType = sourcecode.swift; path = FeaturedViewController.swift; sourceTree = "<group>"; };
		A633F5502873376A00578A86 /* Base */ = {isa = PBXFileReference; lastKnownFileType = file.storyboard; name = Base; path = Base.lproj/Main.storyboard; sourceTree = "<group>"; };
		A633F5522873376A00578A86 /* Assets.xcassets */ = {isa = PBXFileReference; lastKnownFileType = folder.assetcatalog; path = Assets.xcassets; sourceTree = "<group>"; };
		A633F5552873376A00578A86 /* Base */ = {isa = PBXFileReference; lastKnownFileType = file.storyboard; name = Base; path = Base.lproj/LaunchScreen.storyboard; sourceTree = "<group>"; };
		A633F5572873376A00578A86 /* Info.plist */ = {isa = PBXFileReference; lastKnownFileType = text.plist.xml; path = Info.plist; sourceTree = "<group>"; };
		A63DAF45288ADF05008F9B9C /* SearchViewController.swift */ = {isa = PBXFileReference; lastKnownFileType = sourcecode.swift; path = SearchViewController.swift; sourceTree = "<group>"; };
		A63DAF47288AE092008F9B9C /* SeeAllViewController.swift */ = {isa = PBXFileReference; lastKnownFileType = sourcecode.swift; path = SeeAllViewController.swift; sourceTree = "<group>"; };
		A63DAF49288AEB7E008F9B9C /* SeeAllTableViewCell.swift */ = {isa = PBXFileReference; lastKnownFileType = sourcecode.swift; path = SeeAllTableViewCell.swift; sourceTree = "<group>"; };
		A63DAF4B288AEB93008F9B9C /* SearchCollectionViewCell.swift */ = {isa = PBXFileReference; lastKnownFileType = sourcecode.swift; path = SearchCollectionViewCell.swift; sourceTree = "<group>"; };
		A64D3B8D2885A2E000FAE4F6 /* DetailsViewController.swift */ = {isa = PBXFileReference; lastKnownFileType = sourcecode.swift; path = DetailsViewController.swift; sourceTree = "<group>"; };
		A64D3B8F2885A5B600FAE4F6 /* FeaturedViewController+UICollectionViewDelegate.swift */ = {isa = PBXFileReference; lastKnownFileType = sourcecode.swift; path = "FeaturedViewController+UICollectionViewDelegate.swift"; sourceTree = "<group>"; };
		A68527C8288D80C700E8FFF0 /* TrendingTableViewCell.swift */ = {isa = PBXFileReference; lastKnownFileType = sourcecode.swift; path = TrendingTableViewCell.swift; sourceTree = "<group>"; };
		A6B717EA28870957009139B7 /* TMDB-Info.plist */ = {isa = PBXFileReference; lastKnownFileType = text.plist.xml; path = "TMDB-Info.plist"; sourceTree = "<group>"; };
		A6B717EC28870B10009139B7 /* Movie+API.swift */ = {isa = PBXFileReference; fileEncoding = 4; lastKnownFileType = sourcecode.swift; path = "Movie+API.swift"; sourceTree = "<group>"; };
		A6B717EE28871BF0009139B7 /* MovieResponse.swift */ = {isa = PBXFileReference; lastKnownFileType = sourcecode.swift; path = MovieResponse.swift; sourceTree = "<group>"; };
		A6B717F2288747CF009139B7 /* UpcomingCollectionViewCell.swift */ = {isa = PBXFileReference; lastKnownFileType = sourcecode.swift; path = UpcomingCollectionViewCell.swift; sourceTree = "<group>"; };
		A6EFF0B4287D961200B0C21E /* Movie.swift */ = {isa = PBXFileReference; lastKnownFileType = sourcecode.swift; path = Movie.swift; sourceTree = "<group>"; };
		A6EFF0B8287D9C5000B0C21E /* PopularCollectionViewCell.swift */ = {isa = PBXFileReference; lastKnownFileType = sourcecode.swift; path = PopularCollectionViewCell.swift; sourceTree = "<group>"; };
		A6EFF0BA287D9CE600B0C21E /* NowPlayingCollectionViewCell.swift */ = {isa = PBXFileReference; lastKnownFileType = sourcecode.swift; path = NowPlayingCollectionViewCell.swift; sourceTree = "<group>"; };
		A6EFF0BC287DA55C00B0C21E /* Movie+Upcoming.swift */ = {isa = PBXFileReference; fileEncoding = 4; lastKnownFileType = sourcecode.swift; path = "Movie+Upcoming.swift"; sourceTree = "<group>"; };
		A6EFF0BD287DA55C00B0C21E /* Movie+TrendingThisWeek.swift */ = {isa = PBXFileReference; fileEncoding = 4; lastKnownFileType = sourcecode.swift; path = "Movie+TrendingThisWeek.swift"; sourceTree = "<group>"; };
		A6EFF0BE287DA55C00B0C21E /* Movie+TrendingToday.swift */ = {isa = PBXFileReference; fileEncoding = 4; lastKnownFileType = sourcecode.swift; path = "Movie+TrendingToday.swift"; sourceTree = "<group>"; };
		A6EFF0BF287DA55C00B0C21E /* Movie+Popular.swift */ = {isa = PBXFileReference; fileEncoding = 4; lastKnownFileType = sourcecode.swift; path = "Movie+Popular.swift"; sourceTree = "<group>"; };
		A6EFF0C0287DA55C00B0C21E /* Movie+NowPlaying.swift */ = {isa = PBXFileReference; fileEncoding = 4; lastKnownFileType = sourcecode.swift; path = "Movie+NowPlaying.swift"; sourceTree = "<group>"; };
		A6EFF0C8287DC16200B0C21E /* FeaturedViewController+UICollectionViewDataSource.swift */ = {isa = PBXFileReference; lastKnownFileType = sourcecode.swift; path = "FeaturedViewController+UICollectionViewDataSource.swift"; sourceTree = "<group>"; };
/* End PBXFileReference section */

/* Begin PBXFrameworksBuildPhase section */
		A633F5432873376A00578A86 /* Frameworks */ = {
			isa = PBXFrameworksBuildPhase;
			buildActionMask = 2147483647;
			files = (
			);
			runOnlyForDeploymentPostprocessing = 0;
		};
/* End PBXFrameworksBuildPhase section */

/* Begin PBXGroup section */
		A633F53D2873376A00578A86 = {
			isa = PBXGroup;
			children = (
				A633F5482873376A00578A86 /* BoxOffice */,
				A633F5472873376A00578A86 /* Products */,
			);
			sourceTree = "<group>";
		};
		A633F5472873376A00578A86 /* Products */ = {
			isa = PBXGroup;
			children = (
				A633F5462873376A00578A86 /* BoxOffice.app */,
			);
			name = Products;
			sourceTree = "<group>";
		};
		A633F5482873376A00578A86 /* BoxOffice */ = {
			isa = PBXGroup;
			children = (
				A633F5492873376A00578A86 /* AppDelegate.swift */,
				A633F54B2873376A00578A86 /* SceneDelegate.swift */,
				A6EFF0B7287D962200B0C21E /* Model */,
				A6EFF0C7287DA9E300B0C21E /* SupportingFiles */,
				A6AB930C287D92900041FE60 /* View */,
				A6AB930D287D92B50041FE60 /* Controllers */,
			);
			path = BoxOffice;
			sourceTree = "<group>";
		};
		A6AB930C287D92900041FE60 /* View */ = {
			isa = PBXGroup;
			children = (
				A633F5542873376A00578A86 /* LaunchScreen.storyboard */,
				A633F54F2873376A00578A86 /* Main.storyboard */,
				A6EFF0B8287D9C5000B0C21E /* PopularCollectionViewCell.swift */,
				A6EFF0BA287D9CE600B0C21E /* NowPlayingCollectionViewCell.swift */,
				A6B717F2288747CF009139B7 /* UpcomingCollectionViewCell.swift */,
				A68527C8288D80C700E8FFF0 /* TrendingTableViewCell.swift */,
				A63DAF4B288AEB93008F9B9C /* SearchCollectionViewCell.swift */,
				A63DAF49288AEB7E008F9B9C /* SeeAllTableViewCell.swift */,
			);
			path = View;
			sourceTree = "<group>";
		};
		A6AB930D287D92B50041FE60 /* Controllers */ = {
			isa = PBXGroup;
			children = (
				A633F54D2873376A00578A86 /* FeaturedViewController.swift */,
				A6EFF0C8287DC16200B0C21E /* FeaturedViewController+UICollectionViewDataSource.swift */,
				A64D3B8F2885A5B600FAE4F6 /* FeaturedViewController+UICollectionViewDelegate.swift */,
				A64D3B8D2885A2E000FAE4F6 /* DetailsViewController.swift */,
				A632F5532889BB88005FFD3B /* TrendingViewController.swift */,
				A606C868288B036A00D626FC /* TrendingViewController+UICollectionViewDataSource.swift */,
				A606C86A288B038000D626FC /* TrendingViewController+UICollectionViewDelegate.swift */,
				A63DAF45288ADF05008F9B9C /* SearchViewController.swift */,
				A63DAF47288AE092008F9B9C /* SeeAllViewController.swift */,
			);
			path = Controllers;
			sourceTree = "<group>";
		};
		A6EFF0B7287D962200B0C21E /* Model */ = {
			isa = PBXGroup;
			children = (
				A6EFF0B4287D961200B0C21E /* Movie.swift */,
				A6B717EC28870B10009139B7 /* Movie+API.swift */,
				A6EFF0C0287DA55C00B0C21E /* Movie+NowPlaying.swift */,
				A6EFF0BF287DA55C00B0C21E /* Movie+Popular.swift */,
				A6EFF0BD287DA55C00B0C21E /* Movie+TrendingThisWeek.swift */,
				A6EFF0BE287DA55C00B0C21E /* Movie+TrendingToday.swift */,
				A6EFF0BC287DA55C00B0C21E /* Movie+Upcoming.swift */,
				A6B717EE28871BF0009139B7 /* MovieResponse.swift */,
			);
			path = Model;
			sourceTree = "<group>";
		};
		A6EFF0C7287DA9E300B0C21E /* SupportingFiles */ = {
			isa = PBXGroup;
			children = (
				A633F5522873376A00578A86 /* Assets.xcassets */,
				A633F5572873376A00578A86 /* Info.plist */,
				A6B717EA28870957009139B7 /* TMDB-Info.plist */,
			);
			name = SupportingFiles;
			sourceTree = "<group>";
		};
/* End PBXGroup section */

/* Begin PBXNativeTarget section */
		A633F5452873376A00578A86 /* BoxOffice */ = {
			isa = PBXNativeTarget;
			buildConfigurationList = A633F55A2873376A00578A86 /* Build configuration list for PBXNativeTarget "BoxOffice" */;
			buildPhases = (
				A633F5422873376A00578A86 /* Sources */,
				A633F5432873376A00578A86 /* Frameworks */,
				A633F5442873376A00578A86 /* Resources */,
			);
			buildRules = (
			);
			dependencies = (
			);
			name = BoxOffice;
			productName = BoxOffice;
			productReference = A633F5462873376A00578A86 /* BoxOffice.app */;
			productType = "com.apple.product-type.application";
		};
/* End PBXNativeTarget section */

/* Begin PBXProject section */
		A633F53E2873376A00578A86 /* Project object */ = {
			isa = PBXProject;
			attributes = {
				BuildIndependentTargetsInParallel = 1;
				LastSwiftUpdateCheck = 1340;
				LastUpgradeCheck = 1340;
				TargetAttributes = {
					A633F5452873376A00578A86 = {
						CreatedOnToolsVersion = 13.4.1;
					};
				};
			};
			buildConfigurationList = A633F5412873376A00578A86 /* Build configuration list for PBXProject "BoxOffice" */;
			compatibilityVersion = "Xcode 13.0";
			developmentRegion = en;
			hasScannedForEncodings = 0;
			knownRegions = (
				en,
				Base,
			);
			mainGroup = A633F53D2873376A00578A86;
			productRefGroup = A633F5472873376A00578A86 /* Products */;
			projectDirPath = "";
			projectRoot = "";
			targets = (
				A633F5452873376A00578A86 /* BoxOffice */,
			);
		};
/* End PBXProject section */

/* Begin PBXResourcesBuildPhase section */
		A633F5442873376A00578A86 /* Resources */ = {
			isa = PBXResourcesBuildPhase;
			buildActionMask = 2147483647;
			files = (
				A633F5562873376A00578A86 /* LaunchScreen.storyboard in Resources */,
				A6B717EB28870957009139B7 /* TMDB-Info.plist in Resources */,
				A633F5532873376A00578A86 /* Assets.xcassets in Resources */,
				A633F5512873376A00578A86 /* Main.storyboard in Resources */,
			);
			runOnlyForDeploymentPostprocessing = 0;
		};
/* End PBXResourcesBuildPhase section */

/* Begin PBXSourcesBuildPhase section */
		A633F5422873376A00578A86 /* Sources */ = {
			isa = PBXSourcesBuildPhase;
			buildActionMask = 2147483647;
			files = (
				A68527C9288D80C700E8FFF0 /* TrendingTableViewCell.swift in Sources */,
				A6EFF0C1287DA55C00B0C21E /* Movie+Upcoming.swift in Sources */,
				A6EFF0C2287DA55C00B0C21E /* Movie+TrendingThisWeek.swift in Sources */,
				A63DAF4C288AEB93008F9B9C /* SearchCollectionViewCell.swift in Sources */,
				A6B717F3288747CF009139B7 /* UpcomingCollectionViewCell.swift in Sources */,
				A606C869288B036A00D626FC /* TrendingViewController+UICollectionViewDataSource.swift in Sources */,
				A606C86B288B038000D626FC /* TrendingViewController+UICollectionViewDelegate.swift in Sources */,
				A6B717ED28870B10009139B7 /* Movie+API.swift in Sources */,
				A63DAF46288ADF05008F9B9C /* SearchViewController.swift in Sources */,
				A633F54E2873376A00578A86 /* FeaturedViewController.swift in Sources */,
				A6EFF0B5287D961200B0C21E /* Movie.swift in Sources */,
				A6EFF0C9287DC16200B0C21E /* FeaturedViewController+UICollectionViewDataSource.swift in Sources */,
				A6EFF0BB287D9CE600B0C21E /* NowPlayingCollectionViewCell.swift in Sources */,
				A6EFF0B9287D9C5000B0C21E /* PopularCollectionViewCell.swift in Sources */,
				A6EFF0C5287DA55C00B0C21E /* Movie+NowPlaying.swift in Sources */,
				A63DAF4A288AEB7E008F9B9C /* SeeAllTableViewCell.swift in Sources */,
				A64D3B902885A5B600FAE4F6 /* FeaturedViewController+UICollectionViewDelegate.swift in Sources */,
				A6EFF0C4287DA55C00B0C21E /* Movie+Popular.swift in Sources */,
				A6EFF0C3287DA55C00B0C21E /* Movie+TrendingToday.swift in Sources */,
				A633F54A2873376A00578A86 /* AppDelegate.swift in Sources */,
				A6B717EF28871BF0009139B7 /* MovieResponse.swift in Sources */,
				A64D3B8E2885A2E000FAE4F6 /* DetailsViewController.swift in Sources */,
				A633F54C2873376A00578A86 /* SceneDelegate.swift in Sources */,
				A63DAF48288AE092008F9B9C /* SeeAllViewController.swift in Sources */,
				A632F5542889BB88005FFD3B /* TrendingViewController.swift in Sources */,
			);
			runOnlyForDeploymentPostprocessing = 0;
		};
/* End PBXSourcesBuildPhase section */

/* Begin PBXVariantGroup section */
		A633F54F2873376A00578A86 /* Main.storyboard */ = {
			isa = PBXVariantGroup;
			children = (
				A633F5502873376A00578A86 /* Base */,
			);
			name = Main.storyboard;
			sourceTree = "<group>";
		};
		A633F5542873376A00578A86 /* LaunchScreen.storyboard */ = {
			isa = PBXVariantGroup;
			children = (
				A633F5552873376A00578A86 /* Base */,
			);
			name = LaunchScreen.storyboard;
			sourceTree = "<group>";
		};
/* End PBXVariantGroup section */

/* Begin XCBuildConfiguration section */
		A633F5582873376A00578A86 /* Debug */ = {
			isa = XCBuildConfiguration;
			buildSettings = {
				ALWAYS_SEARCH_USER_PATHS = NO;
				CLANG_ANALYZER_NONNULL = YES;
				CLANG_ANALYZER_NUMBER_OBJECT_CONVERSION = YES_AGGRESSIVE;
				CLANG_CXX_LANGUAGE_STANDARD = "gnu++17";
				CLANG_ENABLE_MODULES = YES;
				CLANG_ENABLE_OBJC_ARC = YES;
				CLANG_ENABLE_OBJC_WEAK = YES;
				CLANG_WARN_BLOCK_CAPTURE_AUTORELEASING = YES;
				CLANG_WARN_BOOL_CONVERSION = YES;
				CLANG_WARN_COMMA = YES;
				CLANG_WARN_CONSTANT_CONVERSION = YES;
				CLANG_WARN_DEPRECATED_OBJC_IMPLEMENTATIONS = YES;
				CLANG_WARN_DIRECT_OBJC_ISA_USAGE = YES_ERROR;
				CLANG_WARN_DOCUMENTATION_COMMENTS = YES;
				CLANG_WARN_EMPTY_BODY = YES;
				CLANG_WARN_ENUM_CONVERSION = YES;
				CLANG_WARN_INFINITE_RECURSION = YES;
				CLANG_WARN_INT_CONVERSION = YES;
				CLANG_WARN_NON_LITERAL_NULL_CONVERSION = YES;
				CLANG_WARN_OBJC_IMPLICIT_RETAIN_SELF = YES;
				CLANG_WARN_OBJC_LITERAL_CONVERSION = YES;
				CLANG_WARN_OBJC_ROOT_CLASS = YES_ERROR;
				CLANG_WARN_QUOTED_INCLUDE_IN_FRAMEWORK_HEADER = YES;
				CLANG_WARN_RANGE_LOOP_ANALYSIS = YES;
				CLANG_WARN_STRICT_PROTOTYPES = YES;
				CLANG_WARN_SUSPICIOUS_MOVE = YES;
				CLANG_WARN_UNGUARDED_AVAILABILITY = YES_AGGRESSIVE;
				CLANG_WARN_UNREACHABLE_CODE = YES;
				CLANG_WARN__DUPLICATE_METHOD_MATCH = YES;
				COPY_PHASE_STRIP = NO;
				DEBUG_INFORMATION_FORMAT = dwarf;
				ENABLE_STRICT_OBJC_MSGSEND = YES;
				ENABLE_TESTABILITY = YES;
				GCC_C_LANGUAGE_STANDARD = gnu11;
				GCC_DYNAMIC_NO_PIC = NO;
				GCC_NO_COMMON_BLOCKS = YES;
				GCC_OPTIMIZATION_LEVEL = 0;
				GCC_PREPROCESSOR_DEFINITIONS = (
					"DEBUG=1",
					"$(inherited)",
				);
				GCC_WARN_64_TO_32_BIT_CONVERSION = YES;
				GCC_WARN_ABOUT_RETURN_TYPE = YES_ERROR;
				GCC_WARN_UNDECLARED_SELECTOR = YES;
				GCC_WARN_UNINITIALIZED_AUTOS = YES_AGGRESSIVE;
				GCC_WARN_UNUSED_FUNCTION = YES;
				GCC_WARN_UNUSED_VARIABLE = YES;
				IPHONEOS_DEPLOYMENT_TARGET = 15.5;
				MTL_ENABLE_DEBUG_INFO = INCLUDE_SOURCE;
				MTL_FAST_MATH = YES;
				ONLY_ACTIVE_ARCH = YES;
				SDKROOT = iphoneos;
				SWIFT_ACTIVE_COMPILATION_CONDITIONS = DEBUG;
				SWIFT_OPTIMIZATION_LEVEL = "-Onone";
			};
			name = Debug;
		};
		A633F5592873376A00578A86 /* Release */ = {
			isa = XCBuildConfiguration;
			buildSettings = {
				ALWAYS_SEARCH_USER_PATHS = NO;
				CLANG_ANALYZER_NONNULL = YES;
				CLANG_ANALYZER_NUMBER_OBJECT_CONVERSION = YES_AGGRESSIVE;
				CLANG_CXX_LANGUAGE_STANDARD = "gnu++17";
				CLANG_ENABLE_MODULES = YES;
				CLANG_ENABLE_OBJC_ARC = YES;
				CLANG_ENABLE_OBJC_WEAK = YES;
				CLANG_WARN_BLOCK_CAPTURE_AUTORELEASING = YES;
				CLANG_WARN_BOOL_CONVERSION = YES;
				CLANG_WARN_COMMA = YES;
				CLANG_WARN_CONSTANT_CONVERSION = YES;
				CLANG_WARN_DEPRECATED_OBJC_IMPLEMENTATIONS = YES;
				CLANG_WARN_DIRECT_OBJC_ISA_USAGE = YES_ERROR;
				CLANG_WARN_DOCUMENTATION_COMMENTS = YES;
				CLANG_WARN_EMPTY_BODY = YES;
				CLANG_WARN_ENUM_CONVERSION = YES;
				CLANG_WARN_INFINITE_RECURSION = YES;
				CLANG_WARN_INT_CONVERSION = YES;
				CLANG_WARN_NON_LITERAL_NULL_CONVERSION = YES;
				CLANG_WARN_OBJC_IMPLICIT_RETAIN_SELF = YES;
				CLANG_WARN_OBJC_LITERAL_CONVERSION = YES;
				CLANG_WARN_OBJC_ROOT_CLASS = YES_ERROR;
				CLANG_WARN_QUOTED_INCLUDE_IN_FRAMEWORK_HEADER = YES;
				CLANG_WARN_RANGE_LOOP_ANALYSIS = YES;
				CLANG_WARN_STRICT_PROTOTYPES = YES;
				CLANG_WARN_SUSPICIOUS_MOVE = YES;
				CLANG_WARN_UNGUARDED_AVAILABILITY = YES_AGGRESSIVE;
				CLANG_WARN_UNREACHABLE_CODE = YES;
				CLANG_WARN__DUPLICATE_METHOD_MATCH = YES;
				COPY_PHASE_STRIP = NO;
				DEBUG_INFORMATION_FORMAT = "dwarf-with-dsym";
				ENABLE_NS_ASSERTIONS = NO;
				ENABLE_STRICT_OBJC_MSGSEND = YES;
				GCC_C_LANGUAGE_STANDARD = gnu11;
				GCC_NO_COMMON_BLOCKS = YES;
				GCC_WARN_64_TO_32_BIT_CONVERSION = YES;
				GCC_WARN_ABOUT_RETURN_TYPE = YES_ERROR;
				GCC_WARN_UNDECLARED_SELECTOR = YES;
				GCC_WARN_UNINITIALIZED_AUTOS = YES_AGGRESSIVE;
				GCC_WARN_UNUSED_FUNCTION = YES;
				GCC_WARN_UNUSED_VARIABLE = YES;
				IPHONEOS_DEPLOYMENT_TARGET = 15.5;
				MTL_ENABLE_DEBUG_INFO = NO;
				MTL_FAST_MATH = YES;
				SDKROOT = iphoneos;
				SWIFT_COMPILATION_MODE = wholemodule;
				SWIFT_OPTIMIZATION_LEVEL = "-O";
				VALIDATE_PRODUCT = YES;
			};
			name = Release;
		};
		A633F55B2873376A00578A86 /* Debug */ = {
			isa = XCBuildConfiguration;
			buildSettings = {
				ASSETCATALOG_COMPILER_APPICON_NAME = AppIcon;
				ASSETCATALOG_COMPILER_GLOBAL_ACCENT_COLOR_NAME = AccentColor;
				CODE_SIGN_STYLE = Automatic;
				CURRENT_PROJECT_VERSION = 1;
				DEVELOPMENT_TEAM = L45GPKVRUG;
				GENERATE_INFOPLIST_FILE = YES;
				INFOPLIST_FILE = BoxOffice/Info.plist;
				INFOPLIST_KEY_UIApplicationSupportsIndirectInputEvents = YES;
				INFOPLIST_KEY_UILaunchStoryboardName = LaunchScreen;
				INFOPLIST_KEY_UIMainStoryboardFile = Main;
				INFOPLIST_KEY_UISupportedInterfaceOrientations_iPad = "UIInterfaceOrientationPortrait UIInterfaceOrientationPortraitUpsideDown UIInterfaceOrientationLandscapeLeft UIInterfaceOrientationLandscapeRight";
				INFOPLIST_KEY_UISupportedInterfaceOrientations_iPhone = "UIInterfaceOrientationPortrait UIInterfaceOrientationLandscapeLeft UIInterfaceOrientationLandscapeRight";
				LD_RUNPATH_SEARCH_PATHS = (
					"$(inherited)",
					"@executable_path/Frameworks",
				);
				MARKETING_VERSION = 1.0;
				PRODUCT_BUNDLE_IDENTIFIER = br.cin.ufpe.academy.BoxOffice;
				PRODUCT_NAME = "$(TARGET_NAME)";
				SWIFT_EMIT_LOC_STRINGS = YES;
				SWIFT_VERSION = 5.0;
				TARGETED_DEVICE_FAMILY = 1;
			};
			name = Debug;
		};
		A633F55C2873376A00578A86 /* Release */ = {
			isa = XCBuildConfiguration;
			buildSettings = {
				ASSETCATALOG_COMPILER_APPICON_NAME = AppIcon;
				ASSETCATALOG_COMPILER_GLOBAL_ACCENT_COLOR_NAME = AccentColor;
				CODE_SIGN_STYLE = Automatic;
				CURRENT_PROJECT_VERSION = 1;
				DEVELOPMENT_TEAM = L45GPKVRUG;
				GENERATE_INFOPLIST_FILE = YES;
				INFOPLIST_FILE = BoxOffice/Info.plist;
				INFOPLIST_KEY_UIApplicationSupportsIndirectInputEvents = YES;
				INFOPLIST_KEY_UILaunchStoryboardName = LaunchScreen;
				INFOPLIST_KEY_UIMainStoryboardFile = Main;
				INFOPLIST_KEY_UISupportedInterfaceOrientations_iPad = "UIInterfaceOrientationPortrait UIInterfaceOrientationPortraitUpsideDown UIInterfaceOrientationLandscapeLeft UIInterfaceOrientationLandscapeRight";
				INFOPLIST_KEY_UISupportedInterfaceOrientations_iPhone = "UIInterfaceOrientationPortrait UIInterfaceOrientationLandscapeLeft UIInterfaceOrientationLandscapeRight";
				LD_RUNPATH_SEARCH_PATHS = (
					"$(inherited)",
					"@executable_path/Frameworks",
				);
				MARKETING_VERSION = 1.0;
				PRODUCT_BUNDLE_IDENTIFIER = br.cin.ufpe.academy.BoxOffice;
				PRODUCT_NAME = "$(TARGET_NAME)";
				SWIFT_EMIT_LOC_STRINGS = YES;
				SWIFT_VERSION = 5.0;
				TARGETED_DEVICE_FAMILY = 1;
			};
			name = Release;
		};
/* End XCBuildConfiguration section */

/* Begin XCConfigurationList section */
		A633F5412873376A00578A86 /* Build configuration list for PBXProject "BoxOffice" */ = {
			isa = XCConfigurationList;
			buildConfigurations = (
				A633F5582873376A00578A86 /* Debug */,
				A633F5592873376A00578A86 /* Release */,
			);
			defaultConfigurationIsVisible = 0;
			defaultConfigurationName = Release;
		};
		A633F55A2873376A00578A86 /* Build configuration list for PBXNativeTarget "BoxOffice" */ = {
			isa = XCConfigurationList;
			buildConfigurations = (
				A633F55B2873376A00578A86 /* Debug */,
				A633F55C2873376A00578A86 /* Release */,
			);
			defaultConfigurationIsVisible = 0;
			defaultConfigurationName = Release;
		};
/* End XCConfigurationList section */
	};
	rootObject = A633F53E2873376A00578A86 /* Project object */;
}
